
Microsoft Visual Studio Solution File, Format Version 12.00
# Visual Studio Version 17
VisualStudioVersion = 17.14.36221.1
MinimumVisualStudioVersion = 10.0.40219.1
Project("{FAE04EC0-301F-11D3-BF4B-00C04F79EFBC}") = "BasicSyntax", "BasicSyntax\BasicSyntax.csproj", "{8024CC44-EA82-4615-91A9-1DF7E7788CE1}"
EndProject
Project("{FAE04EC0-301F-11D3-BF4B-00C04F79EFBC}") = "ClassArrayModifiers", "ClassArrayModifiers\ClassArrayModifiers.csproj", "{01966074-82AA-4ED0-BFC2-6F07AD5B422E}"
EndProject
Project("{FAE04EC0-301F-11D3-BF4B-00C04F79EFBC}") = "CSharpLifeCycle", "CSharpLifeCycle\CSharpLifeCycle.csproj", "{1D93CE54-7188-48AA-836B-8C9AF3A7AE45}"
EndProject
Global
	GlobalSection(SolutionConfigurationPlatforms) = preSolution
		Debug|Any CPU = Debug|Any CPU
		Release|Any CPU = Release|Any CPU
	EndGlobalSection
	GlobalSection(ProjectConfigurationPlatforms) = postSolution
		{8024CC44-EA82-4615-91A9-1DF7E7788CE1}.Debug|Any CPU.ActiveCfg = Debug|Any CPU
		{8024CC44-EA82-4615-91A9-1DF7E7788CE1}.Debug|Any CPU.Build.0 = Debug|Any CPU
		{8024CC44-EA82-4615-91A9-1DF7E7788CE1}.Release|Any CPU.ActiveCfg = Release|Any CPU
		{8024CC44-EA82-4615-91A9-1DF7E7788CE1}.Release|Any CPU.Build.0 = Release|Any CPU
		{01966074-82AA-4ED0-BFC2-6F07AD5B422E}.Debug|Any CPU.ActiveCfg = Debug|Any CPU
		{01966074-82AA-4ED0-BFC2-6F07AD5B422E}.Debug|Any CPU.Build.0 = Debug|Any CPU
		{01966074-82AA-4ED0-BFC2-6F07AD5B422E}.Release|Any CPU.ActiveCfg = Release|Any CPU
		{01966074-82AA-4ED0-BFC2-6F07AD5B422E}.Release|Any CPU.Build.0 = Release|Any CPU
		{1D93CE54-7188-48AA-836B-8C9AF3A7AE45}.Debug|Any CPU.ActiveCfg = Debug|Any CPU
		{1D93CE54-7188-48AA-836B-8C9AF3A7AE45}.Debug|Any CPU.Build.0 = Debug|Any CPU
		{1D93CE54-7188-48AA-836B-8C9AF3A7AE45}.Release|Any CPU.ActiveCfg = Release|Any CPU
		{1D93CE54-7188-48AA-836B-8C9AF3A7AE45}.Release|Any CPU.Build.0 = Release|Any CPU
	EndGlobalSection
	GlobalSection(SolutionProperties) = preSolution
		HideSolutionNode = FALSE
	EndGlobalSection
	GlobalSection(ExtensibilityGlobals) = postSolution
		SolutionGuid = {4D4D246D-04C8-4F84-A6A8-73CCBA7B9DDC}
	EndGlobalSection
EndGlobal
